// !$*UTF8*$!
{
	archiveVersion = 1;
	classes = {
	};
	objectVersion = 77;
	objects = {

/* Begin PBXBuildFile section */
		A10000000000000000000003 /* DiskReservoirCore in Frameworks */ = {isa = PBXBuildFile; productRef = A10000000000000000000002 /* DiskReservoirCore */; };
/* End PBXBuildFile section */

/* Begin PBXContainerItemProxy section */
		C0513A253028BDED00C1D866 /* PBXContainerItemProxy */ = {
			isa = PBXContainerItemProxy;
			containerPortal = C0513A0F3028BDEB00C1D866 /* Project object */;
			proxyType = 1;
			remoteGlobalIDString = C0513A163028BDEB00C1D866;
			remoteInfo = PoolProblem;
		};
		C0513A2F3028BDED00C1D866 /* PBXContainerItemProxy */ = {
			isa = PBXContainerItemProxy;
			containerPortal = C0513A0F3028BDEB00C1D866 /* Project object */;
			proxyType = 1;
			remoteGlobalIDString = C0513A163028BDEB00C1D866;
			remoteInfo = PoolProblem;
		};
/* End PBXContainerItemProxy section */

/* Begin PBXFileReference section */
		C0513A173028BDEB00C1D866 /* PoolProblem.app */ = {isa = PBXFileReference; explicitFileType = wrapper.application; includeInIndex = 0; path = PoolProblem.app; sourceTree = BUILT_PRODUCTS_DIR; };
		C0513A243028BDED00C1D866 /* PoolProblemTests.xctest */ = {isa = PBXFileReference; explicitFileType = wrapper.cfbundle; includeInIndex = 0; path = PoolProblemTests.xctest; sourceTree = BUILT_PRODUCTS_DIR; };
		C0513A2E3028BDED00C1D866 /* PoolProblemUITests.xctest */ = {isa = PBXFileReference; explicitFileType = wrapper.cfbundle; includeInIndex = 0; path = PoolProblemUITests.xctest; sourceTree = BUILT_PRODUCTS_DIR; };
/* End PBXFileReference section */

/* Begin PBXFileSystemSynchronizedRootGroup section */
		C0513A193028BDEB00C1D866 /* PoolProblem */ = {
			isa = PBXFileSystemSynchronizedRootGroup;
			path = PoolProblem;
			sourceTree = "<group>";
		};
		C0513A273028BDED00C1D866 /* PoolProblemTests */ = {
			isa = PBXFileSystemSynchronizedRootGroup;
			path = PoolProblemTests;
			sourceTree = "<group>";
		};
		C0513A313028BDED00C1D866 /* PoolProblemUITests */ = {
			isa = PBXFileSystemSynchronizedRootGroup;
			path = PoolProblemUITests;
			sourceTree = "<group>";
		};
/* End PBXFileSystemSynchronizedRootGroup section */

/* Begin PBXFrameworksBuildPhase section */
		C0513A143028BDEB00C1D866 /* Frameworks */ = {
			isa = PBXFrameworksBuildPhase;
			buildActionMask = 2147483647;
			files = (
				A10000000000000000000003 /* DiskReservoirCore in Frameworks */,
			);
			runOnlyForDeploymentPostprocessing = 0;
		};
		C0513A213028BDED00C1D866 /* Frameworks */ = {
			isa = PBXFrameworksBuildPhase;
			buildActionMask = 2147483647;
			files = (
			);
			runOnlyForDeploymentPostprocessing = 0;
		};
		C0513A2B3028BDED00C1D866 /* Frameworks */ = {
			isa = PBXFrameworksBuildPhase;
			buildActionMask = 2147483647;
			files = (
			);
			runOnlyForDeploymentPostprocessing = 0;
		};
/* End PBXFrameworksBuildPhase section */

/* Begin PBXGroup section */
		C0513A0E3028BDEB00C1D866 = {
			isa = PBXGroup;
			children = (
				C0513A193028BDEB00C1D866 /* PoolProblem */,
				C0513A273028BDED00C1D866 /* PoolProblemTests */,
				C0513A313028BDED00C1D866 /* PoolProblemUITests */,
				C0513A183028BDEB00C1D866 /* Products */,
			);
			sourceTree = "<group>";
		};
		C0513A183028BDEB00C1D866 /* Products */ = {
			isa = PBXGroup;
			children = (
				C0513A173028BDEB00C1D866 /* PoolProblem.app */,
				C0513A243028BDED00C1D866 /* PoolProblemTests.xctest */,
				C0513A2E3028BDED00C1D866 /* PoolProblemUITests.xctest */,
			);
			name = Products;
			sourceTree = "<group>";
		};
/* End PBXGroup section */

/* Begin PBXNativeTarget section */
		C0513A163028BDEB00C1D866 /* PoolProblem */ = {
			isa = PBXNativeTarget;
			buildConfigurationList = C0513A383028BDED00C1D866 /* Build configuration list for PBXNativeTarget "PoolProblem" */;
			buildPhases = (
				C0513A133028BDEB00C1D866 /* Sources */,
				C0513A143028BDEB00C1D866 /* Frameworks */,
				C0513A153028BDEB00C1D866 /* Resources */,
			);
			buildRules = (
			);
			dependencies = (
			);
			fileSystemSynchronizedGroups = (
				C0513A193028BDEB00C1D866 /* PoolProblem */,
			);
			name = PoolProblem;
			packageProductDependencies = (
				A10000000000000000000002 /* DiskReservoirCore */,
			);
			productName = PoolProblem;
			productReference = C0513A173028BDEB00C1D866 /* PoolProblem.app */;
			productType = "com.apple.product-type.application";
		};
		C0513A233028BDED00C1D866 /* PoolProblemTests */ = {
			isa = PBXNativeTarget;
			buildConfigurationList = C0513A3B3028BDED00C1D866 /* Build configuration list for PBXNativeTarget "PoolProblemTests" */;
			buildPhases = (
				C0513A203028BDED00C1D866 /* Sources */,
				C0513A213028BDED00C1D866 /* Frameworks */,
				C0513A223028BDED00C1D866 /* Resources */,
			);
			buildRules = (
			);
			dependencies = (
				C0513A263028BDED00C1D866 /* PBXTargetDependency */,
			);
			fileSystemSynchronizedGroups = (
				C0513A273028BDED00C1D866 /* PoolProblemTests */,
			);
			name = PoolProblemTests;
			packageProductDependencies = (
			);
			productName = PoolProblemTests;
			productReference = C0513A243028BDED00C1D866 /* PoolProblemTests.xctest */;
			productType = "com.apple.product-type.bundle.unit-test";
		};
		C0513A2D3028BDED00C1D866 /* PoolProblemUITests */ = {
			isa = PBXNativeTarget;
			buildConfigurationList = C0513A3E3028BDED00C1D866 /* Build configuration list for PBXNativeTarget "PoolProblemUITests" */;
			buildPhases = (
				C0513A2A3028BDED00C1D866 /* Sources */,
				C0513A2B3028BDED00C1D866 /* Frameworks */,
				C0513A2C3028BDED00C1D866 /* Resources */,
			);
			buildRules = (
			);
			dependencies = (
				C0513A303028BDED00C1D866 /* PBXTargetDependency */,
			);
			fileSystemSynchronizedGroups = (
				C0513A313028BDED00C1D866 /* PoolProblemUITests */,
			);
			name = PoolProblemUITests;
			packageProductDependencies = (
			);
			productName = PoolProblemUITests;
			productReference = C0513A2E3028BDED00C1D866 /* PoolProblemUITests.xctest */;
			productType = "com.apple.product-type.bundle.ui-testing";
		};
/* End PBXNativeTarget section */

/* Begin PBXProject section */
		C0513A0F3028BDEB00C1D866 /* Project object */ = {
			isa = PBXProject;
			attributes = {
				BuildIndependentTargetsInParallel = 1;
				LastSwiftUpdateCheck = 2660;
				LastUpgradeCheck = 2660;
				TargetAttributes = {
					C0513A163028BDEB00C1D866 = {
						CreatedOnToolsVersion = 26.6;
					};
					C0513A233028BDED00C1D866 = {
						CreatedOnToolsVersion = 26.6;
						TestTargetID = C0513A163028BDEB00C1D866;
					};
					C0513A2D3028BDED00C1D866 = {
						CreatedOnToolsVersion = 26.6;
						TestTargetID = C0513A163028BDEB00C1D866;
					};
				};
			};
			buildConfigurationList = C0513A123028BDEB00C1D866 /* Build configuration list for PBXProject "PoolProblem" */;
			developmentRegion = en;
			hasScannedForEncodings = 0;
			knownRegions = (
				en,
				Base,
				"zh-Hans",
			);
			mainGroup = C0513A0E3028BDEB00C1D866;
			minimizedProjectReferenceProxies = 1;
			packageReferences = (
				A10000000000000000000001 /* XCLocalSwiftPackageReference ".." */,
			);
			preferredProjectObjectVersion = 77;
			productRefGroup = C0513A183028BDEB00C1D866 /* Products */;
			projectDirPath = "";
			projectRoot = "";
			targets = (
				C0513A163028BDEB00C1D866 /* PoolProblem */,
				C0513A233028BDED00C1D866 /* PoolProblemTests */,
				C0513A2D3028BDED00C1D866 /* PoolProblemUITests */,
			);
		};
/* End PBXProject section */

/* Begin PBXResourcesBuildPhase section */
		C0513A153028BDEB00C1D866 /* Resources */ = {
			isa = PBXResourcesBuildPhase;
			buildActionMask = 2147483647;
			files = (
			);
			runOnlyForDeploymentPostprocessing = 0;
		};
		C0513A223028BDED00C1D866 /* Resources */ = {
			isa = PBXResourcesBuildPhase;
			buildActionMask = 2147483647;
			files = (
			);
			runOnlyForDeploymentPostprocessing = 0;
		};
		C0513A2C3028BDED00C1D866 /* Resources */ = {
			isa = PBXResourcesBuildPhase;
			buildActionMask = 2147483647;
			files = (
			);
			runOnlyForDeploymentPostprocessing = 0;
		};
/* End PBXResourcesBuildPhase section */

/* Begin PBXSourcesBuildPhase section */
		C0513A133028BDEB00C1D866 /* Sources */ = {
			isa = PBXSourcesBuildPhase;
			buildActionMask = 2147483647;
			files = (
			);
			runOnlyForDeploymentPostprocessing = 0;
		};
		C0513A203028BDED00C1D866 /* Sources */ = {
			isa = PBXSourcesBuildPhase;
			buildActionMask = 2147483647;
			files = (
			);
			runOnlyForDeploymentPostprocessing = 0;
		};
		C0513A2A3028BDED00C1D866 /* Sources */ = {
			isa = PBXSourcesBuildPhase;
			buildActionMask = 2147483647;
			files = (
			);
			runOnlyForDeploymentPostprocessing = 0;
		};
/* End PBXSourcesBuildPhase section */

/* Begin PBXTargetDependency section */
		C0513A263028BDED00C1D866 /* PBXTargetDependency */ = {
			isa = PBXTargetDependency;
			target = C0513A163028BDEB00C1D866 /* PoolProblem */;
			targetProxy = C0513A253028BDED00C1D866 /* PBXContainerItemProxy */;
		};
		C0513A303028BDED00C1D866 /* PBXTargetDependency */ = {
			isa = PBXTargetDependency;
			target = C0513A163028BDEB00C1D866 /* PoolProblem */;
			targetProxy = C0513A2F3028BDED00C1D866 /* PBXContainerItemProxy */;
		};
/* End PBXTargetDependency section */

/* Begin XCBuildConfiguration section */
		C0513A363028BDED00C1D866 /* Debug */ = {
			isa = XCBuildConfiguration;
			buildSettings = {
				ALWAYS_SEARCH_USER_PATHS = NO;
				ASSETCATALOG_COMPILER_GENERATE_SWIFT_ASSET_SYMBOL_EXTENSIONS = YES;
				CLANG_ANALYZER_NONNULL = YES;
				CLANG_ANALYZER_NUMBER_OBJECT_CONVERSION = YES_AGGRESSIVE;
				CLANG_CXX_LANGUAGE_STANDARD = "gnu++20";
				CLANG_ENABLE_MODULES = YES;
				CLANG_ENABLE_OBJC_ARC = YES;
				CLANG_ENABLE_OBJC_WEAK = YES;
				CLANG_WARN_BLOCK_CAPTURE_AUTORELEASING = YES;
				CLANG_WARN_BOOL_CONVERSION = YES;
				CLANG_WARN_COMMA = YES;
				CLANG_WARN_CONSTANT_CONVERSION = YES;
				CLANG_WARN_DEPRECATED_OBJC_IMPLEMENTATIONS = YES;
				CLANG_WARN_DIRECT_OBJC_ISA_USAGE = YES_ERROR;
				CLANG_WARN_DOCUMENTATION_COMMENTS = YES;
				CLANG_WARN_EMPTY_BODY = YES;
				CLANG_WARN_ENUM_CONVERSION = YES;
				CLANG_WARN_INFINITE_RECURSION = YES;
				CLANG_WARN_INT_CONVERSION = YES;
				CLANG_WARN_NON_LITERAL_NULL_CONVERSION = YES;
				CLANG_WARN_OBJC_IMPLICIT_RETAIN_SELF = YES;
				CLANG_WARN_OBJC_LITERAL_CONVERSION = YES;
				CLANG_WARN_OBJC_ROOT_CLASS = YES_ERROR;
				CLANG_WARN_QUOTED_INCLUDE_IN_FRAMEWORK_HEADER = YES;
				CLANG_WARN_RANGE_LOOP_ANALYSIS = YES;
				CLANG_WARN_STRICT_PROTOTYPES = YES;
				CLANG_WARN_SUSPICIOUS_MOVE = YES;
				CLANG_WARN_UNGUARDED_AVAILABILITY = YES_AGGRESSIVE;
				CLANG_WARN_UNREACHABLE_CODE = YES;
				CLANG_WARN__DUPLICATE_METHOD_MATCH = YES;
				COPY_PHASE_STRIP = NO;
				DEBUG_INFORMATION_FORMAT = dwarf;
				DEVELOPMENT_TEAM = YUUWV9L8M8;
				ENABLE_STRICT_OBJC_MSGSEND = YES;
				ENABLE_TESTABILITY = YES;
				ENABLE_USER_SCRIPT_SANDBOXING = YES;
				GCC_C_LANGUAGE_STANDARD = gnu17;
				GCC_DYNAMIC_NO_PIC = NO;
				GCC_NO_COMMON_BLOCKS = YES;
				GCC_OPTIMIZATION_LEVEL = 0;
				GCC_PREPROCESSOR_DEFINITIONS = (
					"DEBUG=1",
					"$(inherited)",
				);
				GCC_WARN_64_TO_32_BIT_CONVERSION = YES;
				GCC_WARN_ABOUT_RETURN_TYPE = YES_ERROR;
				GCC_WARN_UNDECLARED_SELECTOR = YES;
				GCC_WARN_UNINITIALIZED_AUTOS = YES_AGGRESSIVE;
				GCC_WARN_UNUSED_FUNCTION = YES;
				GCC_WARN_UNUSED_VARIABLE = YES;
				LOCALIZATION_PREFERS_STRING_CATALOGS = YES;
				MACOSX_DEPLOYMENT_TARGET = 14.0;
				MTL_ENABLE_DEBUG_INFO = INCLUDE_SOURCE;
				MTL_FAST_MATH = YES;
				ONLY_ACTIVE_ARCH = YES;
				SDKROOT = macosx;
				SWIFT_ACTIVE_COMPILATION_CONDITIONS = "DEBUG $(inherited)";
				SWIFT_OPTIMIZATION_LEVEL = "-Onone";
			};
			name = Debug;
		};
		C0513A373028BDED00C1D866 /* Release */ = {
			isa = XCBuildConfiguration;
			buildSettings = {
				ALWAYS_SEARCH_USER_PATHS = NO;
				ASSETCATALOG_COMPILER_GENERATE_SWIFT_ASSET_SYMBOL_EXTENSIONS = YES;
				CLANG_ANALYZER_NONNULL = YES;
				CLANG_ANALYZER_NUMBER_OBJECT_CONVERSION = YES_AGGRESSIVE;
				CLANG_CXX_LANGUAGE_STANDARD = "gnu++20";
				CLANG_ENABLE_MODULES = YES;
				CLANG_ENABLE_OBJC_ARC = YES;
				CLANG_ENABLE_OBJC_WEAK = YES;
				CLANG_WARN_BLOCK_CAPTURE_AUTORELEASING = YES;
				CLANG_WARN_BOOL_CONVERSION = YES;
				CLANG_WARN_COMMA = YES;
				CLANG_WARN_CONSTANT_CONVERSION = YES;
				CLANG_WARN_DEPRECATED_OBJC_IMPLEMENTATIONS = YES;
				CLANG_WARN_DIRECT_OBJC_ISA_USAGE = YES_ERROR;
				CLANG_WARN_DOCUMENTATION_COMMENTS = YES;
				CLANG_WARN_EMPTY_BODY = YES;
				CLANG_WARN_ENUM_CONVERSION = YES;
				CLANG_WARN_INFINITE_RECURSION = YES;
				CLANG_WARN_INT_CONVERSION = YES;
				CLANG_WARN_NON_LITERAL_NULL_CONVERSION = YES;
				CLANG_WARN_OBJC_IMPLICIT_RETAIN_SELF = YES;
				CLANG_WARN_OBJC_LITERAL_CONVERSION = YES;
				CLANG_WARN_OBJC_ROOT_CLASS = YES_ERROR;
				CLANG_WARN_QUOTED_INCLUDE_IN_FRAMEWORK_HEADER = YES;
				CLANG_WARN_RANGE_LOOP_ANALYSIS = YES;
				CLANG_WARN_STRICT_PROTOTYPES = YES;
				CLANG_WARN_SUSPICIOUS_MOVE = YES;
				CLANG_WARN_UNGUARDED_AVAILABILITY = YES_AGGRESSIVE;
				CLANG_WARN_UNREACHABLE_CODE = YES;
				CLANG_WARN__DUPLICATE_METHOD_MATCH = YES;
				COPY_PHASE_STRIP = NO;
				DEBUG_INFORMATION_FORMAT = "dwarf-with-dsym";
				DEVELOPMENT_TEAM = YUUWV9L8M8;
				ENABLE_NS_ASSERTIONS = NO;
				ENABLE_STRICT_OBJC_MSGSEND = YES;
				ENABLE_USER_SCRIPT_SANDBOXING = YES;
				GCC_C_LANGUAGE_STANDARD = gnu17;
				GCC_NO_COMMON_BLOCKS = YES;
				GCC_WARN_64_TO_32_BIT_CONVERSION = YES;
				GCC_WARN_ABOUT_RETURN_TYPE = YES_ERROR;
				GCC_WARN_UNDECLARED_SELECTOR = YES;
				GCC_WARN_UNINITIALIZED_AUTOS = YES_AGGRESSIVE;
				GCC_WARN_UNUSED_FUNCTION = YES;
				GCC_WARN_UNUSED_VARIABLE = YES;
				LOCALIZATION_PREFERS_STRING_CATALOGS = YES;
				MACOSX_DEPLOYMENT_TARGET = 14.0;
				MTL_ENABLE_DEBUG_INFO = NO;
				MTL_FAST_MATH = YES;
				SDKROOT = macosx;
				SWIFT_COMPILATION_MODE = wholemodule;
				VALIDATE_PRODUCT = YES;
			};
			name = Release;
		};
		C0513A393028BDED00C1D866 /* Debug */ = {
			isa = XCBuildConfiguration;
			buildSettings = {
				ASSETCATALOG_COMPILER_APPICON_NAME = AppIcon;
				ASSETCATALOG_COMPILER_GLOBAL_ACCENT_COLOR_NAME = AccentColor;
				CODE_SIGN_ENTITLEMENTS = PoolProblem/PoolProblem.entitlements;
				CODE_SIGN_STYLE = Automatic;
				CURRENT_PROJECT_VERSION = 1;
				DEVELOPMENT_TEAM = YUUWV9L8M8;
				ENABLE_PREVIEWS = YES;
				GENERATE_INFOPLIST_FILE = YES;
				INFOPLIST_KEY_CFBundleDisplayName = "The Pool Problem";
				INFOPLIST_KEY_LSApplicationCategoryType = "public.app-category.utilities";
				INFOPLIST_KEY_LSUIElement = YES;
				LD_RUNPATH_SEARCH_PATHS = (
					"$(inherited)",
					"@executable_path/Frameworks",
				);
				MARKETING_VERSION = 1.1.0;
				PRODUCT_BUNDLE_IDENTIFIER = xingyu.wang.poolproblem;
				PRODUCT_NAME = "$(TARGET_NAME)";
				REGISTER_APP_GROUPS = YES;
				STRING_CATALOG_GENERATE_SYMBOLS = YES;
				SWIFT_APPROACHABLE_CONCURRENCY = YES;
				SWIFT_DEFAULT_ACTOR_ISOLATION = MainActor;
				SWIFT_EMIT_LOC_STRINGS = YES;
				SWIFT_UPCOMING_FEATURE_MEMBER_IMPORT_VISIBILITY = YES;
				SWIFT_VERSION = 6.0;
			};
			name = Debug;
		};
		C0513A3A3028BDED00C1D866 /* Release */ = {
			isa = XCBuildConfiguration;
			buildSettings = {
				ASSETCATALOG_COMPILER_APPICON_NAME = AppIcon;
				ASSETCATALOG_COMPILER_GLOBAL_ACCENT_COLOR_NAME = AccentColor;
				CODE_SIGN_ENTITLEMENTS = PoolProblem/PoolProblem.entitlements;
				CODE_SIGN_STYLE = Automatic;
				CURRENT_PROJECT_VERSION = 1;
				DEVELOPMENT_TEAM = YUUWV9L8M8;
				ENABLE_PREVIEWS = YES;
				GENERATE_INFOPLIST_FILE = YES;
				INFOPLIST_KEY_CFBundleDisplayName = "The Pool Problem";
				INFOPLIST_KEY_LSApplicationCategoryType = "public.app-category.utilities";
				INFOPLIST_KEY_LSUIElement = YES;
				LD_RUNPATH_SEARCH_PATHS = (
					"$(inherited)",
					"@executable_path/Frameworks",
				);
				MARKETING_VERSION = 1.1.0;
				PRODUCT_BUNDLE_IDENTIFIER = xingyu.wang.poolproblem;
				PRODUCT_NAME = "$(TARGET_NAME)";
				REGISTER_APP_GROUPS = YES;
				STRING_CATALOG_GENERATE_SYMBOLS = YES;
				SWIFT_APPROACHABLE_CONCURRENCY = YES;
				SWIFT_DEFAULT_ACTOR_ISOLATION = MainActor;
				SWIFT_EMIT_LOC_STRINGS = YES;
				SWIFT_UPCOMING_FEATURE_MEMBER_IMPORT_VISIBILITY = YES;
				SWIFT_VERSION = 6.0;
			};
			name = Release;
		};
		C0513A3C3028BDED00C1D866 /* Debug */ = {
			isa = XCBuildConfiguration;
			buildSettings = {
				BUNDLE_LOADER = "$(TEST_HOST)";
				CODE_SIGN_STYLE = Automatic;
				CURRENT_PROJECT_VERSION = 1;
				DEVELOPMENT_TEAM = YUUWV9L8M8;
				GENERATE_INFOPLIST_FILE = YES;
				MARKETING_VERSION = 1.1.0;
				PRODUCT_BUNDLE_IDENTIFIER = wang.xingyu.PoolProblemTests;
				PRODUCT_NAME = "$(TARGET_NAME)";
				STRING_CATALOG_GENERATE_SYMBOLS = NO;
				SWIFT_APPROACHABLE_CONCURRENCY = YES;
				SWIFT_EMIT_LOC_STRINGS = NO;
				SWIFT_UPCOMING_FEATURE_MEMBER_IMPORT_VISIBILITY = YES;
				SWIFT_VERSION = 6.0;
				TEST_HOST = "$(BUILT_PRODUCTS_DIR)/PoolProblem.app/$(BUNDLE_EXECUTABLE_FOLDER_PATH)/PoolProblem";
			};
			name = Debug;
		};
		C0513A3D3028BDED00C1D866 /* Release */ = {
			isa = XCBuildConfiguration;
			buildSettings = {
				BUNDLE_LOADER = "$(TEST_HOST)";
				CODE_SIGN_STYLE = Automatic;
				CURRENT_PROJECT_VERSION = 1;
				DEVELOPMENT_TEAM = YUUWV9L8M8;
				GENERATE_INFOPLIST_FILE = YES;
				MARKETING_VERSION = 1.1.0;
				PRODUCT_BUNDLE_IDENTIFIER = wang.xingyu.PoolProblemTests;
				PRODUCT_NAME = "$(TARGET_NAME)";
				STRING_CATALOG_GENERATE_SYMBOLS = NO;
				SWIFT_APPROACHABLE_CONCURRENCY = YES;
				SWIFT_EMIT_LOC_STRINGS = NO;
				SWIFT_UPCOMING_FEATURE_MEMBER_IMPORT_VISIBILITY = YES;
				SWIFT_VERSION = 6.0;
				TEST_HOST = "$(BUILT_PRODUCTS_DIR)/PoolProblem.app/$(BUNDLE_EXECUTABLE_FOLDER_PATH)/PoolProblem";
			};
			name = Release;
		};
		C0513A3F3028BDED00C1D866 /* Debug */ = {
			isa = XCBuildConfiguration;
			buildSettings = {
				CODE_SIGN_STYLE = Automatic;
				CURRENT_PROJECT_VERSION = 1;
				DEVELOPMENT_TEAM = YUUWV9L8M8;
				GENERATE_INFOPLIST_FILE = YES;
				MARKETING_VERSION = 1.1.0;
				PRODUCT_BUNDLE_IDENTIFIER = wang.xingyu.PoolProblemUITests;
				PRODUCT_NAME = "$(TARGET_NAME)";
				STRING_CATALOG_GENERATE_SYMBOLS = NO;
				SWIFT_APPROACHABLE_CONCURRENCY = YES;
				SWIFT_EMIT_LOC_STRINGS = NO;
				SWIFT_UPCOMING_FEATURE_MEMBER_IMPORT_VISIBILITY = YES;
				SWIFT_VERSION = 6.0;
				TARGETED_DEVICE_FAMILY = "1,2";
				TEST_TARGET_NAME = PoolProblem;
			};
			name = Debug;
		};
		C0513A403028BDED00C1D866 /* Release */ = {
			isa = XCBuildConfiguration;
			buildSettings = {
				CODE_SIGN_STYLE = Automatic;
				CURRENT_PROJECT_VERSION = 1;
				DEVELOPMENT_TEAM = YUUWV9L8M8;
				GENERATE_INFOPLIST_FILE = YES;
				MARKETING_VERSION = 1.1.0;
				PRODUCT_BUNDLE_IDENTIFIER = wang.xingyu.PoolProblemUITests;
				PRODUCT_NAME = "$(TARGET_NAME)";
				STRING_CATALOG_GENERATE_SYMBOLS = NO;
				SWIFT_APPROACHABLE_CONCURRENCY = YES;
				SWIFT_EMIT_LOC_STRINGS = NO;
				SWIFT_UPCOMING_FEATURE_MEMBER_IMPORT_VISIBILITY = YES;
				SWIFT_VERSION = 6.0;
				TARGETED_DEVICE_FAMILY = "1,2";
				TEST_TARGET_NAME = PoolProblem;
			};
			name = Release;
		};
/* End XCBuildConfiguration section */

/* Begin XCConfigurationList section */
		C0513A123028BDEB00C1D866 /* Build configuration list for PBXProject "PoolProblem" */ = {
			isa = XCConfigurationList;
			buildConfigurations = (
				C0513A363028BDED00C1D866 /* Debug */,
				C0513A373028BDED00C1D866 /* Release */,
			);
			defaultConfigurationIsVisible = 0;
			defaultConfigurationName = Release;
		};
		C0513A383028BDED00C1D866 /* Build configuration list for PBXNativeTarget "PoolProblem" */ = {
			isa = XCConfigurationList;
			buildConfigurations = (
				C0513A393028BDED00C1D866 /* Debug */,
				C0513A3A3028BDED00C1D866 /* Release */,
			);
			defaultConfigurationIsVisible = 0;
			defaultConfigurationName = Release;
		};
		C0513A3B3028BDED00C1D866 /* Build configuration list for PBXNativeTarget "PoolProblemTests" */ = {
			isa = XCConfigurationList;
			buildConfigurations = (
				C0513A3C3028BDED00C1D866 /* Debug */,
				C0513A3D3028BDED00C1D866 /* Release */,
			);
			defaultConfigurationIsVisible = 0;
			defaultConfigurationName = Release;
		};
		C0513A3E3028BDED00C1D866 /* Build configuration list for PBXNativeTarget "PoolProblemUITests" */ = {
			isa = XCConfigurationList;
			buildConfigurations = (
				C0513A3F3028BDED00C1D866 /* Debug */,
				C0513A403028BDED00C1D866 /* Release */,
			);
			defaultConfigurationIsVisible = 0;
			defaultConfigurationName = Release;
		};
/* End XCConfigurationList section */

/* Begin XCLocalSwiftPackageReference section */
		A10000000000000000000001 /* XCLocalSwiftPackageReference ".." */ = {
			isa = XCLocalSwiftPackageReference;
			relativePath = ..;
		};
/* End XCLocalSwiftPackageReference section */

/* Begin XCSwiftPackageProductDependency section */
		A10000000000000000000002 /* DiskReservoirCore */ = {
			isa = XCSwiftPackageProductDependency;
			package = A10000000000000000000001 /* XCLocalSwiftPackageReference ".." */;
			productName = DiskReservoirCore;
		};
/* End XCSwiftPackageProductDependency section */
	};
	rootObject = C0513A0F3028BDEB00C1D866 /* Project object */;
}
